GEM
  remote: https://rubygems.org/
  specs:
    jekyll (4.3.4)
    jekyll-feed (0.18.0)
    jekyll-include-cache (0.2.1)
    jekyll-paginate (1.1.0)
    jekyll-sitemap (1.4.0)
    minimal-mistakes-jekyll (4.26.2)

PLATFORMS
  ruby

DEPENDENCIES
  jekyll (~> 4.3.4)
  jekyll-feed
  jekyll-include-cache
  jekyll-paginate
  jekyll-sitemap
  minimal-mistakes-jekyll

BUNDLED WITH
   2.5.23
